
Microsoft Visual Studio Solution File, Format Version 12.00
# Visual Studio Version 17
VisualStudioVersion = 17.9.34622.214
MinimumVisualStudioVersion = 10.0.40219.1
Project("{FAE04EC0-301F-11D3-BF4B-00C04F79EFBC}") = "TaskRepository", "TaskRepository\TaskRepository.csproj", "{9AE31EC4-03A3-47C0-9BDA-35D9D26AA075}"
EndProject
Project("{FAE04EC0-301F-11D3-BF4B-00C04F79EFBC}") = "Core", "Core\Core.csproj", "{10B312F4-9A22-429C-A704-F11E42712C5C}"
EndProject
Global
	GlobalSection(SolutionConfigurationPlatforms) = preSolution
		Debug|Any CPU = Debug|Any CPU
		Release|Any CPU = Release|Any CPU
	EndGlobalSection
	GlobalSection(ProjectConfigurationPlatforms) = postSolution
		{9AE31EC4-03A3-47C0-9BDA-35D9D26AA075}.Debug|Any CPU.ActiveCfg = Debug|Any CPU
		{9AE31EC4-03A3-47C0-9BDA-35D9D26AA075}.Debug|Any CPU.Build.0 = Debug|Any CPU
		{9AE31EC4-03A3-47C0-9BDA-35D9D26AA075}.Release|Any CPU.ActiveCfg = Release|Any CPU
		{9AE31EC4-03A3-47C0-9BDA-35D9D26AA075}.Release|Any CPU.Build.0 = Release|Any CPU
		{10B312F4-9A22-429C-A704-F11E42712C5C}.Debug|Any CPU.ActiveCfg = Debug|Any CPU
		{10B312F4-9A22-429C-A704-F11E42712C5C}.Debug|Any CPU.Build.0 = Debug|Any CPU
		{10B312F4-9A22-429C-A704-F11E42712C5C}.Release|Any CPU.ActiveCfg = Release|Any CPU
		{10B312F4-9A22-429C-A704-F11E42712C5C}.Release|Any CPU.Build.0 = Release|Any CPU
	EndGlobalSection
	GlobalSection(SolutionProperties) = preSolution
		HideSolutionNode = FALSE
	EndGlobalSection
	GlobalSection(ExtensibilityGlobals) = postSolution
		SolutionGuid = {ADA45491-82DD-4B90-8318-C495BF52F620}
	EndGlobalSection
EndGlobal
